PODS:
  - JXCollectionManager (1.0.1)
  - JXTableManager (1.0.1)

DEPENDENCIES:
  - JXCollectionManager (from `https://github.com/LHLL/JXCollectionManager.git`)
  - JXTableManager (from `https://github.com/LHLL/JXTableManager.git`)

EXTERNAL SOURCES:
  JXCollectionManager:
    :git: https://github.com/LHLL/JXCollectionManager.git
  JXTableManager:
    :git: https://github.com/LHLL/JXTableManager.git

CHECKOUT OPTIONS:
  JXCollectionManager:
    :commit: 21b02f9ea7f82682aa6d1ebb001ce6a9dd3fd89a
    :git: https://github.com/LHLL/JXCollectionManager.git
  JXTableManager:
    :commit: 9055a0de7655dc81cc35de48199180ec4f54ec85
    :git: https://github.com/LHLL/JXTableManager.git

SPEC CHECKSUMS:
  JXCollectionManager: bbb20f2a63a221465f79cde59cc108449a4344e5
  JXTableManager: fd2259f0715de22af204fe91ffa88c69140599e9

PODFILE CHECKSUM: a68a3e5224f026af6f81842d3acaa71869c762f0

COCOAPODS: 1.5.3
