// !$*UTF8*$!
{
	archiveVersion = 1;
	classes = {
	};
	objectVersion = 46;
	objects = {

/* Begin PBXBuildFile section */
		BA6E37181E8CD2D30006C7B1 /* AppDelegate.swift in Sources */ = {isa = PBXBuildFile; fileRef = BA6E37171E8CD2D30006C7B1 /* AppDelegate.swift */; };
		BA6E371A1E8CD2D30006C7B1 /* ViewController.swift in Sources */ = {isa = PBXBuildFile; fileRef = BA6E37191E8CD2D30006C7B1 /* ViewController.swift */; };
		BA6E371D1E8CD2D30006C7B1 /* Main.storyboard in Resources */ = {isa = PBXBuildFile; fileRef = BA6E371B1E8CD2D30006C7B1 /* Main.storyboard */; };
		BA6E371F1E8CD2D30006C7B1 /* Assets.xcassets in Resources */ = {isa = PBXBuildFile; fileRef = BA6E371E1E8CD2D30006C7B1 /* Assets.xcassets */; };
		BA6E37221E8CD2D30006C7B1 /* LaunchScreen.storyboard in Resources */ = {isa = PBXBuildFile; fileRef = BA6E37201E8CD2D30006C7B1 /* LaunchScreen.storyboard */; };
		BA6E372D1E8CD3CA0006C7B1 /* ApplicationService.swift in Sources */ = {isa = PBXBuildFile; fileRef = BA6E372C1E8CD3CA0006C7B1 /* ApplicationService.swift */; };
		BA6E372F1E8CD76A0006C7B1 /* DependencyLoadingService.swift in Sources */ = {isa = PBXBuildFile; fileRef = BA6E372E1E8CD76A0006C7B1 /* DependencyLoadingService.swift */; };
		BA6E37311E8CD7C70006C7B1 /* Reachability.swift in Sources */ = {isa = PBXBuildFile; fileRef = BA6E37301E8CD7C70006C7B1 /* Reachability.swift */; };
		BA6E37371E8CDAC20006C7B1 /* DataSource.swift in Sources */ = {isa = PBXBuildFile; fileRef = BA6E37361E8CDAC20006C7B1 /* DataSource.swift */; };
/* End PBXBuildFile section */

/* Begin PBXFileReference section */
		BA6E37141E8CD2D30006C7B1 /* MVVMSample.app */ = {isa = PBXFileReference; explicitFileType = wrapper.application; includeInIndex = 0; path = MVVMSample.app; sourceTree = BUILT_PRODUCTS_DIR; };
		BA6E37171E8CD2D30006C7B1 /* AppDelegate.swift */ = {isa = PBXFileReference; lastKnownFileType = sourcecode.swift; path = AppDelegate.swift; sourceTree = "<group>"; };
		BA6E37191E8CD2D30006C7B1 /* ViewController.swift */ = {isa = PBXFileReference; lastKnownFileType = sourcecode.swift; path = ViewController.swift; sourceTree = "<group>"; };
		BA6E371C1E8CD2D30006C7B1 /* Base */ = {isa = PBXFileReference; lastKnownFileType = file.storyboard; name = Base; path = Base.lproj/Main.storyboard; sourceTree = "<group>"; };
		BA6E371E1E8CD2D30006C7B1 /* Assets.xcassets */ = {isa = PBXFileReference; lastKnownFileType = folder.assetcatalog; path = Assets.xcassets; sourceTree = "<group>"; };
		BA6E37211E8CD2D30006C7B1 /* Base */ = {isa = PBXFileReference; lastKnownFileType = file.storyboard; name = Base; path = Base.lproj/LaunchScreen.storyboard; sourceTree = "<group>"; };
		BA6E37231E8CD2D30006C7B1 /* Info.plist */ = {isa = PBXFileReference; lastKnownFileType = text.plist.xml; path = Info.plist; sourceTree = "<group>"; };
		BA6E372C1E8CD3CA0006C7B1 /* ApplicationService.swift */ = {isa = PBXFileReference; fileEncoding = 4; lastKnownFileType = sourcecode.swift; path = ApplicationService.swift; sourceTree = "<group>"; };
		BA6E372E1E8CD76A0006C7B1 /* DependencyLoadingService.swift */ = {isa = PBXFileReference; fileEncoding = 4; lastKnownFileType = sourcecode.swift; path = DependencyLoadingService.swift; sourceTree = "<group>"; };
		BA6E37301E8CD7C70006C7B1 /* Reachability.swift */ = {isa = PBXFileReference; fileEncoding = 4; lastKnownFileType = sourcecode.swift; path = Reachability.swift; sourceTree = "<group>"; };
		BA6E37361E8CDAC20006C7B1 /* DataSource.swift */ = {isa = PBXFileReference; fileEncoding = 4; lastKnownFileType = sourcecode.swift; path = DataSource.swift; sourceTree = "<group>"; };
/* End PBXFileReference section */

/* Begin PBXFrameworksBuildPhase section */
		BA6E37111E8CD2D30006C7B1 /* Frameworks */ = {
			isa = PBXFrameworksBuildPhase;
			buildActionMask = 2147483647;
			files = (
			);
			runOnlyForDeploymentPostprocessing = 0;
		};
/* End PBXFrameworksBuildPhase section */

/* Begin PBXGroup section */
		BA6E370B1E8CD2D30006C7B1 = {
			isa = PBXGroup;
			children = (
				BA6E37161E8CD2D30006C7B1 /* MVVMSample */,
				BA6E37151E8CD2D30006C7B1 /* Products */,
			);
			sourceTree = "<group>";
		};
		BA6E37151E8CD2D30006C7B1 /* Products */ = {
			isa = PBXGroup;
			children = (
				BA6E37141E8CD2D30006C7B1 /* MVVMSample.app */,
			);
			name = Products;
			sourceTree = "<group>";
		};
		BA6E37161E8CD2D30006C7B1 /* MVVMSample */ = {
			isa = PBXGroup;
			children = (
				BA6E37351E8CDA160006C7B1 /* VVVVVVVVVVVM */,
				BA6E372B1E8CD3B40006C7B1 /* ApplicationService */,
				BA6E372A1E8CD32B0006C7B1 /* Massive */,
				BA6E37331E8CD7DC0006C7B1 /* View */,
				BA6E37321E8CD7CB0006C7B1 /* Module */,
				BA6E37291E8CD3090006C7B1 /* SupportingFiles */,
			);
			path = MVVMSample;
			sourceTree = "<group>";
		};
		BA6E37291E8CD3090006C7B1 /* SupportingFiles */ = {
			isa = PBXGroup;
			children = (
				BA6E371E1E8CD2D30006C7B1 /* Assets.xcassets */,
				BA6E37201E8CD2D30006C7B1 /* LaunchScreen.storyboard */,
				BA6E37231E8CD2D30006C7B1 /* Info.plist */,
			);
			name = SupportingFiles;
			sourceTree = "<group>";
		};
		BA6E372A1E8CD32B0006C7B1 /* Massive */ = {
			isa = PBXGroup;
			children = (
				BA6E37171E8CD2D30006C7B1 /* AppDelegate.swift */,
				BA6E37191E8CD2D30006C7B1 /* ViewController.swift */,
			);
			name = Massive;
			sourceTree = "<group>";
		};
		BA6E372B1E8CD3B40006C7B1 /* ApplicationService */ = {
			isa = PBXGroup;
			children = (
				BA6E372C1E8CD3CA0006C7B1 /* ApplicationService.swift */,
				BA6E372E1E8CD76A0006C7B1 /* DependencyLoadingService.swift */,
			);
			name = ApplicationService;
			sourceTree = "<group>";
		};
		BA6E37321E8CD7CB0006C7B1 /* Module */ = {
			isa = PBXGroup;
			children = (
				BA6E37301E8CD7C70006C7B1 /* Reachability.swift */,
			);
			name = Module;
			sourceTree = "<group>";
		};
		BA6E37331E8CD7DC0006C7B1 /* View */ = {
			isa = PBXGroup;
			children = (
				BA6E371B1E8CD2D30006C7B1 /* Main.storyboard */,
			);
			name = View;
			sourceTree = "<group>";
		};
		BA6E37351E8CDA160006C7B1 /* VVVVVVVVVVVM */ = {
			isa = PBXGroup;
			children = (
				BA6E37361E8CDAC20006C7B1 /* DataSource.swift */,
			);
			name = VVVVVVVVVVVM;
			sourceTree = "<group>";
		};
/* End PBXGroup section */

/* Begin PBXNativeTarget section */
		BA6E37131E8CD2D30006C7B1 /* MVVMSample */ = {
			isa = PBXNativeTarget;
			buildConfigurationList = BA6E37261E8CD2D30006C7B1 /* Build configuration list for PBXNativeTarget "MVVMSample" */;
			buildPhases = (
				BA6E37101E8CD2D30006C7B1 /* Sources */,
				BA6E37111E8CD2D30006C7B1 /* Frameworks */,
				BA6E37121E8CD2D30006C7B1 /* Resources */,
			);
			buildRules = (
			);
			dependencies = (
			);
			name = MVVMSample;
			productName = MVVMSample;
			productReference = BA6E37141E8CD2D30006C7B1 /* MVVMSample.app */;
			productType = "com.apple.product-type.application";
		};
/* End PBXNativeTarget section */

/* Begin PBXProject section */
		BA6E370C1E8CD2D30006C7B1 /* Project object */ = {
			isa = PBXProject;
			attributes = {
				LastSwiftUpdateCheck = 0820;
				LastUpgradeCheck = 0820;
				ORGANIZATIONNAME = Jay;
				TargetAttributes = {
					BA6E37131E8CD2D30006C7B1 = {
						CreatedOnToolsVersion = 8.2.1;
						DevelopmentTeam = EZ679F3LK2;
						ProvisioningStyle = Automatic;
					};
				};
			};
			buildConfigurationList = BA6E370F1E8CD2D30006C7B1 /* Build configuration list for PBXProject "MVVMSample" */;
			compatibilityVersion = "Xcode 3.2";
			developmentRegion = English;
			hasScannedForEncodings = 0;
			knownRegions = (
				en,
				Base,
			);
			mainGroup = BA6E370B1E8CD2D30006C7B1;
			productRefGroup = BA6E37151E8CD2D30006C7B1 /* Products */;
			projectDirPath = "";
			projectRoot = "";
			targets = (
				BA6E37131E8CD2D30006C7B1 /* MVVMSample */,
			);
		};
/* End PBXProject section */

/* Begin PBXResourcesBuildPhase section */
		BA6E37121E8CD2D30006C7B1 /* Resources */ = {
			isa = PBXResourcesBuildPhase;
			buildActionMask = 2147483647;
			files = (
				BA6E37221E8CD2D30006C7B1 /* LaunchScreen.storyboard in Resources */,
				BA6E371F1E8CD2D30006C7B1 /* Assets.xcassets in Resources */,
				BA6E371D1E8CD2D30006C7B1 /* Main.storyboard in Resources */,
			);
			runOnlyForDeploymentPostprocessing = 0;
		};
/* End PBXResourcesBuildPhase section */

/* Begin PBXSourcesBuildPhase section */
		BA6E37101E8CD2D30006C7B1 /* Sources */ = {
			isa = PBXSourcesBuildPhase;
			buildActionMask = 2147483647;
			files = (
				BA6E37371E8CDAC20006C7B1 /* DataSource.swift in Sources */,
				BA6E371A1E8CD2D30006C7B1 /* ViewController.swift in Sources */,
				BA6E372D1E8CD3CA0006C7B1 /* ApplicationService.swift in Sources */,
				BA6E37181E8CD2D30006C7B1 /* AppDelegate.swift in Sources */,
				BA6E37311E8CD7C70006C7B1 /* Reachability.swift in Sources */,
				BA6E372F1E8CD76A0006C7B1 /* DependencyLoadingService.swift in Sources */,
			);
			runOnlyForDeploymentPostprocessing = 0;
		};
/* End PBXSourcesBuildPhase section */

/* Begin PBXVariantGroup section */
		BA6E371B1E8CD2D30006C7B1 /* Main.storyboard */ = {
			isa = PBXVariantGroup;
			children = (
				BA6E371C1E8CD2D30006C7B1 /* Base */,
			);
			name = Main.storyboard;
			sourceTree = "<group>";
		};
		BA6E37201E8CD2D30006C7B1 /* LaunchScreen.storyboard */ = {
			isa = PBXVariantGroup;
			children = (
				BA6E37211E8CD2D30006C7B1 /* Base */,
			);
			name = LaunchScreen.storyboard;
			sourceTree = "<group>";
		};
/* End PBXVariantGroup section */

/* Begin XCBuildConfiguration section */
		BA6E37241E8CD2D30006C7B1 /* Debug */ = {
			isa = XCBuildConfiguration;
			buildSettings = {
				ALWAYS_SEARCH_USER_PATHS = NO;
				CLANG_ANALYZER_NONNULL = YES;
				CLANG_CXX_LANGUAGE_STANDARD = "gnu++0x";
				CLANG_CXX_LIBRARY = "libc++";
				CLANG_ENABLE_MODULES = YES;
				CLANG_ENABLE_OBJC_ARC = YES;
				CLANG_WARN_BOOL_CONVERSION = YES;
				CLANG_WARN_CONSTANT_CONVERSION = YES;
				CLANG_WARN_DIRECT_OBJC_ISA_USAGE = YES_ERROR;
				CLANG_WARN_DOCUMENTATION_COMMENTS = YES;
				CLANG_WARN_EMPTY_BODY = YES;
				CLANG_WARN_ENUM_CONVERSION = YES;
				CLANG_WARN_INFINITE_RECURSION = YES;
				CLANG_WARN_INT_CONVERSION = YES;
				CLANG_WARN_OBJC_ROOT_CLASS = YES_ERROR;
				CLANG_WARN_SUSPICIOUS_MOVE = YES;
				CLANG_WARN_UNREACHABLE_CODE = YES;
				CLANG_WARN__DUPLICATE_METHOD_MATCH = YES;
				"CODE_SIGN_IDENTITY[sdk=iphoneos*]" = "iPhone Developer";
				COPY_PHASE_STRIP = NO;
				DEBUG_INFORMATION_FORMAT = dwarf;
				ENABLE_STRICT_OBJC_MSGSEND = YES;
				ENABLE_TESTABILITY = YES;
				GCC_C_LANGUAGE_STANDARD = gnu99;
				GCC_DYNAMIC_NO_PIC = NO;
				GCC_NO_COMMON_BLOCKS = YES;
				GCC_OPTIMIZATION_LEVEL = 0;
				GCC_PREPROCESSOR_DEFINITIONS = (
					"DEBUG=1",
					"$(inherited)",
				);
				GCC_WARN_64_TO_32_BIT_CONVERSION = YES;
				GCC_WARN_ABOUT_RETURN_TYPE = YES_ERROR;
				GCC_WARN_UNDECLARED_SELECTOR = YES;
				GCC_WARN_UNINITIALIZED_AUTOS = YES_AGGRESSIVE;
				GCC_WARN_UNUSED_FUNCTION = YES;
				GCC_WARN_UNUSED_VARIABLE = YES;
				IPHONEOS_DEPLOYMENT_TARGET = 10.2;
				MTL_ENABLE_DEBUG_INFO = YES;
				ONLY_ACTIVE_ARCH = YES;
				SDKROOT = iphoneos;
				SWIFT_ACTIVE_COMPILATION_CONDITIONS = DEBUG;
				SWIFT_OPTIMIZATION_LEVEL = "-Onone";
			};
			name = Debug;
		};
		BA6E37251E8CD2D30006C7B1 /* Release */ = {
			isa = XCBuildConfiguration;
			buildSettings = {
				ALWAYS_SEARCH_USER_PATHS = NO;
				CLANG_ANALYZER_NONNULL = YES;
				CLANG_CXX_LANGUAGE_STANDARD = "gnu++0x";
				CLANG_CXX_LIBRARY = "libc++";
				CLANG_ENABLE_MODULES = YES;
				CLANG_ENABLE_OBJC_ARC = YES;
				CLANG_WARN_BOOL_CONVERSION = YES;
				CLANG_WARN_CONSTANT_CONVERSION = YES;
				CLANG_WARN_DIRECT_OBJC_ISA_USAGE = YES_ERROR;
				CLANG_WARN_DOCUMENTATION_COMMENTS = YES;
				CLANG_WARN_EMPTY_BODY = YES;
				CLANG_WARN_ENUM_CONVERSION = YES;
				CLANG_WARN_INFINITE_RECURSION = YES;
				CLANG_WARN_INT_CONVERSION = YES;
				CLANG_WARN_OBJC_ROOT_CLASS = YES_ERROR;
				CLANG_WARN_SUSPICIOUS_MOVE = YES;
				CLANG_WARN_UNREACHABLE_CODE = YES;
				CLANG_WARN__DUPLICATE_METHOD_MATCH = YES;
				"CODE_SIGN_IDENTITY[sdk=iphoneos*]" = "iPhone Developer";
				COPY_PHASE_STRIP = NO;
				DEBUG_INFORMATION_FORMAT = "dwarf-with-dsym";
				ENABLE_NS_ASSERTIONS = NO;
				ENABLE_STRICT_OBJC_MSGSEND = YES;
				GCC_C_LANGUAGE_STANDARD = gnu99;
				GCC_NO_COMMON_BLOCKS = YES;
				GCC_WARN_64_TO_32_BIT_CONVERSION = YES;
				GCC_WARN_ABOUT_RETURN_TYPE = YES_ERROR;
				GCC_WARN_UNDECLARED_SELECTOR = YES;
				GCC_WARN_UNINITIALIZED_AUTOS = YES_AGGRESSIVE;
				GCC_WARN_UNUSED_FUNCTION = YES;
				GCC_WARN_UNUSED_VARIABLE = YES;
				IPHONEOS_DEPLOYMENT_TARGET = 10.2;
				MTL_ENABLE_DEBUG_INFO = NO;
				SDKROOT = iphoneos;
				SWIFT_OPTIMIZATION_LEVEL = "-Owholemodule";
				VALIDATE_PRODUCT = YES;
			};
			name = Release;
		};
		BA6E37271E8CD2D30006C7B1 /* Debug */ = {
			isa = XCBuildConfiguration;
			buildSettings = {
				ASSETCATALOG_COMPILER_APPICON_NAME = AppIcon;
				DEVELOPMENT_TEAM = EZ679F3LK2;
				INFOPLIST_FILE = MVVMSample/Info.plist;
				LD_RUNPATH_SEARCH_PATHS = "$(inherited) @executable_path/Frameworks";
				PRODUCT_BUNDLE_IDENTIFIER = com.jay.MVVMSample;
				PRODUCT_NAME = "$(TARGET_NAME)";
				SWIFT_VERSION = 3.0;
			};
			name = Debug;
		};
		BA6E37281E8CD2D30006C7B1 /* Release */ = {
			isa = XCBuildConfiguration;
			buildSettings = {
				ASSETCATALOG_COMPILER_APPICON_NAME = AppIcon;
				DEVELOPMENT_TEAM = EZ679F3LK2;
				INFOPLIST_FILE = MVVMSample/Info.plist;
				LD_RUNPATH_SEARCH_PATHS = "$(inherited) @executable_path/Frameworks";
				PRODUCT_BUNDLE_IDENTIFIER = com.jay.MVVMSample;
				PRODUCT_NAME = "$(TARGET_NAME)";
				SWIFT_VERSION = 3.0;
			};
			name = Release;
		};
/* End XCBuildConfiguration section */

/* Begin XCConfigurationList section */
		BA6E370F1E8CD2D30006C7B1 /* Build configuration list for PBXProject "MVVMSample" */ = {
			isa = XCConfigurationList;
			buildConfigurations = (
				BA6E37241E8CD2D30006C7B1 /* Debug */,
				BA6E37251E8CD2D30006C7B1 /* Release */,
			);
			defaultConfigurationIsVisible = 0;
			defaultConfigurationName = Release;
		};
		BA6E37261E8CD2D30006C7B1 /* Build configuration list for PBXNativeTarget "MVVMSample" */ = {
			isa = XCConfigurationList;
			buildConfigurations = (
				BA6E37271E8CD2D30006C7B1 /* Debug */,
				BA6E37281E8CD2D30006C7B1 /* Release */,
			);
			defaultConfigurationIsVisible = 0;
		};
/* End XCConfigurationList section */
	};
	rootObject = BA6E370C1E8CD2D30006C7B1 /* Project object */;
}
